<?xml version="1.0" encoding="utf-8"?>
<Project ToolsVersion="4.0" xmlns="http://schemas.microsoft.com/developer/msbuild/2003">
  <ItemGroup>
    <FxCompile Include="VertexShader.hlsl">
      <Filter>#Shader Files</Filter>
    </FxCompile>
    <FxCompile Include="TexturePosition.hlsl">
      <Filter>#Shader Files</Filter>
    </FxCompile>
  </ItemGroup>
  <ItemGroup>
    <ClCompile Include="Constants.cpp">
      <Filter>#Required Files</Filter>
    </ClCompile>
    <ClCompile Include="pch.cpp">
      <Filter>#Required Files</Filter>
    </ClCompile>
    <ClCompile Include="XWicLoader.cpp">
      <Filter>Source Files</Filter>
    </ClCompile>
    <ClCompile Include="XModelMesh.cpp">
      <Filter>Source Files</Filter>
    </ClCompile>
    <ClCompile Include="XGameInput.cpp">
      <Filter>Source Files</Filter>
    </ClCompile>
    <ClCompile Include="Main.cpp">
      <Filter>Source Files</Filter>
    </ClCompile>
    <ClCompile Include="GameTime.cpp">
      <Filter>Source Files</Filter>
    </ClCompile>
    <ClCompile Include="FontResource.cpp">
      <Filter>Source Files</Filter>
    </ClCompile>
    <ClCompile Include="Engine.cpp">
      <Filter>Source Files</Filter>
    </ClCompile>
    <ClCompile Include="ContentLoader.cpp">
      <Filter>Source Files</Filter>
    </ClCompile>
    <ClCompile Include="CameraEngine.cpp">
      <Filter>Source Files</Filter>
    </ClCompile>
    <ClCompile Include="BinaryReaderWriter.cpp">
      <Filter>Source Files</Filter>
    </ClCompile>
    <ClCompile Include="Animation.cpp">
      <Filter>Source Files</Filter>
    </ClCompile>
  </ItemGroup>
  <ItemGroup>
    <ClInclude Include="Constants.h">
      <Filter>#Required Files</Filter>
    </ClInclude>
    <ClInclude Include="pch.h">
      <Filter>#Required Files</Filter>
    </ClInclude>
    <ClInclude Include="resource.h">
      <Filter>#Required Files</Filter>
    </ClInclude>
    <ClInclude Include="Animation.h">
      <Filter>Header Files</Filter>
    </ClInclude>
    <ClInclude Include="CameraEngine.h">
      <Filter>Header Files</Filter>
    </ClInclude>
    <ClInclude Include="ContentWindow.h">
      <Filter>Header Files</Filter>
    </ClInclude>
    <ClInclude Include="ContentLoader.h">
      <Filter>Header Files</Filter>
    </ClInclude>
    <ClInclude Include="BinaryReaderWriter.h">
      <Filter>Header Files</Filter>
    </ClInclude>
    <ClInclude Include="Engine.h">
      <Filter>Header Files</Filter>
    </ClInclude>
    <ClInclude Include="GameTime.h">
      <Filter>Header Files</Filter>
    </ClInclude>
    <ClInclude Include="XWicLoader.h">
      <Filter>Header Files</Filter>
    </ClInclude>
    <ClInclude Include="XModelMesh.h">
      <Filter>Header Files</Filter>
    </ClInclude>
    <ClInclude Include="XGameInput.h">
      <Filter>Header Files</Filter>
    </ClInclude>
    <ClInclude Include="FontResource.h">
      <Filter>Source Files</Filter>
    </ClInclude>
  </ItemGroup>
  <ItemGroup>
    <Image Include="Assets\3_FONT.PNG">
      <Filter>#Assets</Filter>
    </Image>
    <Image Include="Assets\1_FONT.PNG">
      <Filter>#Assets</Filter>
    </Image>
    <Image Include="Assets\2_FONT.PNG">
      <Filter>#Assets</Filter>
    </Image>
    <Image Include="Assets\2.png">
      <Filter>#Assets</Filter>
    </Image>
    <Image Include="Assets\1.png">
      <Filter>#Assets</Filter>
    </Image>
    <Image Include="Assets\0_FONT.PNG">
      <Filter>#Assets</Filter>
    </Image>
    <Image Include="Assets\Image_2.PNG">
      <Filter>#Assets</Filter>
    </Image>
    <Image Include="Assets\Image_1.png">
      <Filter>#Assets</Filter>
    </Image>
    <Image Include="Assets\Image_0.PNG">
      <Filter>#Assets</Filter>
    </Image>
    <Image Include="Assets\HM256.png">
      <Filter>#Assets</Filter>
    </Image>
    <Image Include="Assets\Wood.png">
      <Filter>#Assets</Filter>
    </Image>
    <Image Include="Assets\SMILEY512.png">
      <Filter>#Assets</Filter>
    </Image>
    <Image Include="Assets\RGB_TransparencyMap.png">
      <Filter>#Assets</Filter>
    </Image>
    <Image Include="Assets\FloorTiles.PNG">
      <Filter>#Assets</Filter>
    </Image>
  </ItemGroup>
  <ItemGroup>
    <None Include="DX_B_TemporaryKey.pfx">
      <Filter>#Required Files</Filter>
    </None>
    <None Include="packages.config">
      <Filter>#Required Files</Filter>
    </None>
  </ItemGroup>
  <ItemGroup>
    <Filter Include="#Assets">
      <UniqueIdentifier>{3df043e2-aa43-4b8e-80ee-b6423885e62f}</UniqueIdentifier>
    </Filter>
    <Filter Include="#Required Files">
      <UniqueIdentifier>{0ac3df0a-6186-4c86-a973-01c886d2d241}</UniqueIdentifier>
    </Filter>
    <Filter Include="#Shader Files">
      <UniqueIdentifier>{862378a3-3660-4222-8439-feafd93e6bde}</UniqueIdentifier>
    </Filter>
    <Filter Include="Header Files">
      <UniqueIdentifier>{40db227c-a113-42a1-8b69-8eff0c9be2b3}</UniqueIdentifier>
    </Filter>
    <Filter Include="Source Files">
      <UniqueIdentifier>{743f6e41-8e59-4225-843b-f18cc1ba0f97}</UniqueIdentifier>
    </Filter>
  </ItemGroup>
  <ItemGroup>
    <AppxManifest Include="Package.appxmanifest">
      <Filter>#Required Files</Filter>
    </AppxManifest>
  </ItemGroup>
</Project>